// !$*UTF8*$!
{
	archiveVersion = 1;
	classes = {
	};
	objectVersion = 46;
	objects = {

/* Begin PBXBuildFile section */
		F671832C1C9AB3E900E7E361 /* AppDelegate.swift in Sources */ = {isa = PBXBuildFile; fileRef = F671832B1C9AB3E900E7E361 /* AppDelegate.swift */; };
		F671832E1C9AB3E900E7E361 /* ViewController.swift in Sources */ = {isa = PBXBuildFile; fileRef = F671832D1C9AB3E900E7E361 /* ViewController.swift */; };
		F67183311C9AB3E900E7E361 /* Main.storyboard in Resources */ = {isa = PBXBuildFile; fileRef = F671832F1C9AB3E900E7E361 /* Main.storyboard */; };
		F67183331C9AB3E900E7E361 /* Assets.xcassets in Resources */ = {isa = PBXBuildFile; fileRef = F67183321C9AB3E900E7E361 /* Assets.xcassets */; };
		F67183361C9AB3E900E7E361 /* LaunchScreen.storyboard in Resources */ = {isa = PBXBuildFile; fileRef = F67183341C9AB3E900E7E361 /* LaunchScreen.storyboard */; };
/* End PBXBuildFile section */

/* Begin PBXFileReference section */
		F67183281C9AB3E900E7E361 /* BackingCellLayouterApp.app */ = {isa = PBXFileReference; explicitFileType = wrapper.application; includeInIndex = 0; path = BackingCellLayouterApp.app; sourceTree = BUILT_PRODUCTS_DIR; };
		F671832B1C9AB3E900E7E361 /* AppDelegate.swift */ = {isa = PBXFileReference; lastKnownFileType = sourcecode.swift; path = AppDelegate.swift; sourceTree = "<group>"; };
		F671832D1C9AB3E900E7E361 /* ViewController.swift */ = {isa = PBXFileReference; lastKnownFileType = sourcecode.swift; path = ViewController.swift; sourceTree = "<group>"; };
		F67183301C9AB3E900E7E361 /* Base */ = {isa = PBXFileReference; lastKnownFileType = file.storyboard; name = Base; path = Base.lproj/Main.storyboard; sourceTree = "<group>"; };
		F67183321C9AB3E900E7E361 /* Assets.xcassets */ = {isa = PBXFileReference; lastKnownFileType = folder.assetcatalog; path = Assets.xcassets; sourceTree = "<group>"; };
		F67183351C9AB3E900E7E361 /* Base */ = {isa = PBXFileReference; lastKnownFileType = file.storyboard; name = Base; path = Base.lproj/LaunchScreen.storyboard; sourceTree = "<group>"; };
		F67183371C9AB3E900E7E361 /* Info.plist */ = {isa = PBXFileReference; lastKnownFileType = text.plist.xml; path = Info.plist; sourceTree = "<group>"; };
/* End PBXFileReference section */

/* Begin PBXFrameworksBuildPhase section */
		F67183251C9AB3E900E7E361 /* Frameworks */ = {
			isa = PBXFrameworksBuildPhase;
			buildActionMask = 2147483647;
			files = (
			);
			runOnlyForDeploymentPostprocessing = 0;
		};
/* End PBXFrameworksBuildPhase section */

/* Begin PBXGroup section */
		F671831F1C9AB3E900E7E361 = {
			isa = PBXGroup;
			children = (
				F671832A1C9AB3E900E7E361 /* BackingCellLayouterApp */,
				F67183291C9AB3E900E7E361 /* Products */,
			);
			sourceTree = "<group>";
		};
		F67183291C9AB3E900E7E361 /* Products */ = {
			isa = PBXGroup;
			children = (
				F67183281C9AB3E900E7E361 /* BackingCellLayouterApp.app */,
			);
			name = Products;
			sourceTree = "<group>";
		};
		F671832A1C9AB3E900E7E361 /* BackingCellLayouterApp */ = {
			isa = PBXGroup;
			children = (
				F671832B1C9AB3E900E7E361 /* AppDelegate.swift */,
				F671832D1C9AB3E900E7E361 /* ViewController.swift */,
				F671832F1C9AB3E900E7E361 /* Main.storyboard */,
				F67183321C9AB3E900E7E361 /* Assets.xcassets */,
				F67183341C9AB3E900E7E361 /* LaunchScreen.storyboard */,
				F67183371C9AB3E900E7E361 /* Info.plist */,
			);
			path = BackingCellLayouterApp;
			sourceTree = "<group>";
		};
/* End PBXGroup section */

/* Begin PBXNativeTarget section */
		F67183271C9AB3E900E7E361 /* BackingCellLayouterApp */ = {
			isa = PBXNativeTarget;
			buildConfigurationList = F671833A1C9AB3E900E7E361 /* Build configuration list for PBXNativeTarget "BackingCellLayouterApp" */;
			buildPhases = (
				F67183241C9AB3E900E7E361 /* Sources */,
				F67183251C9AB3E900E7E361 /* Frameworks */,
				F67183261C9AB3E900E7E361 /* Resources */,
			);
			buildRules = (
			);
			dependencies = (
			);
			name = BackingCellLayouterApp;
			productName = BackingCellLayouterApp;
			productReference = F67183281C9AB3E900E7E361 /* BackingCellLayouterApp.app */;
			productType = "com.apple.product-type.application";
		};
/* End PBXNativeTarget section */

/* Begin PBXProject section */
		F67183201C9AB3E900E7E361 /* Project object */ = {
			isa = PBXProject;
			attributes = {
				LastSwiftUpdateCheck = 0730;
				LastUpgradeCheck = 0730;
				ORGANIZATIONNAME = XD;
				TargetAttributes = {
					F67183271C9AB3E900E7E361 = {
						CreatedOnToolsVersion = 7.3;
					};
				};
			};
			buildConfigurationList = F67183231C9AB3E900E7E361 /* Build configuration list for PBXProject "BackingCellLayouterApp" */;
			compatibilityVersion = "Xcode 3.2";
			developmentRegion = English;
			hasScannedForEncodings = 0;
			knownRegions = (
				en,
				Base,
			);
			mainGroup = F671831F1C9AB3E900E7E361;
			productRefGroup = F67183291C9AB3E900E7E361 /* Products */;
			projectDirPath = "";
			projectRoot = "";
			targets = (
				F67183271C9AB3E900E7E361 /* BackingCellLayouterApp */,
			);
		};
/* End PBXProject section */

/* Begin PBXResourcesBuildPhase section */
		F67183261C9AB3E900E7E361 /* Resources */ = {
			isa = PBXResourcesBuildPhase;
			buildActionMask = 2147483647;
			files = (
				F67183361C9AB3E900E7E361 /* LaunchScreen.storyboard in Resources */,
				F67183331C9AB3E900E7E361 /* Assets.xcassets in Resources */,
				F67183311C9AB3E900E7E361 /* Main.storyboard in Resources */,
			);
			runOnlyForDeploymentPostprocessing = 0;
		};
/* End PBXResourcesBuildPhase section */

/* Begin PBXSourcesBuildPhase section */
		F67183241C9AB3E900E7E361 /* Sources */ = {
			isa = PBXSourcesBuildPhase;
			buildActionMask = 2147483647;
			files = (
				F671832E1C9AB3E900E7E361 /* ViewController.swift in Sources */,
				F671832C1C9AB3E900E7E361 /* AppDelegate.swift in Sources */,
			);
			runOnlyForDeploymentPostprocessing = 0;
		};
/* End PBXSourcesBuildPhase section */

/* Begin PBXVariantGroup section */
		F671832F1C9AB3E900E7E361 /* Main.storyboard */ = {
			isa = PBXVariantGroup;
			children = (
				F67183301C9AB3E900E7E361 /* Base */,
			);
			name = Main.storyboard;
			sourceTree = "<group>";
		};
		F67183341C9AB3E900E7E361 /* LaunchScreen.storyboard */ = {
			isa = PBXVariantGroup;
			children = (
				F67183351C9AB3E900E7E361 /* Base */,
			);
			name = LaunchScreen.storyboard;
			sourceTree = "<group>";
		};
/* End PBXVariantGroup section */

/* Begin XCBuildConfiguration section */
		F67183381C9AB3E900E7E361 /* Debug */ = {
			isa = XCBuildConfiguration;
			buildSettings = {
				ALWAYS_SEARCH_USER_PATHS = NO;
				CLANG_CXX_LANGUAGE_STANDARD = "gnu++0x";
				CLANG_CXX_LIBRARY = "libc++";
				CLANG_ENABLE_MODULES = YES;
				CLANG_ENABLE_OBJC_ARC = YES;
				CLANG_WARN_BOOL_CONVERSION = YES;
				CLANG_WARN_CONSTANT_CONVERSION = YES;
				CLANG_WARN_DIRECT_OBJC_ISA_USAGE = YES_ERROR;
				CLANG_WARN_EMPTY_BODY = YES;
				CLANG_WARN_ENUM_CONVERSION = YES;
				CLANG_WARN_INT_CONVERSION = YES;
				CLANG_WARN_OBJC_ROOT_CLASS = YES_ERROR;
				CLANG_WARN_UNREACHABLE_CODE = YES;
				CLANG_WARN__DUPLICATE_METHOD_MATCH = YES;
				"CODE_SIGN_IDENTITY[sdk=iphoneos*]" = "iPhone Developer";
				COPY_PHASE_STRIP = NO;
				DEBUG_INFORMATION_FORMAT = dwarf;
				ENABLE_STRICT_OBJC_MSGSEND = YES;
				ENABLE_TESTABILITY = YES;
				GCC_C_LANGUAGE_STANDARD = gnu99;
				GCC_DYNAMIC_NO_PIC = NO;
				GCC_NO_COMMON_BLOCKS = YES;
				GCC_OPTIMIZATION_LEVEL = 0;
				GCC_PREPROCESSOR_DEFINITIONS = (
					"DEBUG=1",
					"$(inherited)",
				);
				GCC_WARN_64_TO_32_BIT_CONVERSION = YES;
				GCC_WARN_ABOUT_RETURN_TYPE = YES_ERROR;
				GCC_WARN_UNDECLARED_SELECTOR = YES;
				GCC_WARN_UNINITIALIZED_AUTOS = YES_AGGRESSIVE;
				GCC_WARN_UNUSED_FUNCTION = YES;
				GCC_WARN_UNUSED_VARIABLE = YES;
				IPHONEOS_DEPLOYMENT_TARGET = 9.3;
				MTL_ENABLE_DEBUG_INFO = YES;
				ONLY_ACTIVE_ARCH = YES;
				SDKROOT = iphoneos;
				SWIFT_OPTIMIZATION_LEVEL = "-Onone";
				TARGETED_DEVICE_FAMILY = "1,2";
			};
			name = Debug;
		};
		F67183391C9AB3E900E7E361 /* Release */ = {
			isa = XCBuildConfiguration;
			buildSettings = {
				ALWAYS_SEARCH_USER_PATHS = NO;
				CLANG_CXX_LANGUAGE_STANDARD = "gnu++0x";
				CLANG_CXX_LIBRARY = "libc++";
				CLANG_ENABLE_MODULES = YES;
				CLANG_ENABLE_OBJC_ARC = YES;
				CLANG_WARN_BOOL_CONVERSION = YES;
				CLANG_WARN_CONSTANT_CONVERSION = YES;
				CLANG_WARN_DIRECT_OBJC_ISA_USAGE = YES_ERROR;
				CLANG_WARN_EMPTY_BODY = YES;
				CLANG_WARN_ENUM_CONVERSION = YES;
				CLANG_WARN_INT_CONVERSION = YES;
				CLANG_WARN_OBJC_ROOT_CLASS = YES_ERROR;
				CLANG_WARN_UNREACHABLE_CODE = YES;
				CLANG_WARN__DUPLICATE_METHOD_MATCH = YES;
				"CODE_SIGN_IDENTITY[sdk=iphoneos*]" = "iPhone Developer";
				COPY_PHASE_STRIP = NO;
				DEBUG_INFORMATION_FORMAT = "dwarf-with-dsym";
				ENABLE_NS_ASSERTIONS = NO;
				ENABLE_STRICT_OBJC_MSGSEND = YES;
				GCC_C_LANGUAGE_STANDARD = gnu99;
				GCC_NO_COMMON_BLOCKS = YES;
				GCC_WARN_64_TO_32_BIT_CONVERSION = YES;
				GCC_WARN_ABOUT_RETURN_TYPE = YES_ERROR;
				GCC_WARN_UNDECLARED_SELECTOR = YES;
				GCC_WARN_UNINITIALIZED_AUTOS = YES_AGGRESSIVE;
				GCC_WARN_UNUSED_FUNCTION = YES;
				GCC_WARN_UNUSED_VARIABLE = YES;
				IPHONEOS_DEPLOYMENT_TARGET = 9.3;
				MTL_ENABLE_DEBUG_INFO = NO;
				SDKROOT = iphoneos;
				TARGETED_DEVICE_FAMILY = "1,2";
				VALIDATE_PRODUCT = YES;
			};
			name = Release;
		};
		F671833B1C9AB3E900E7E361 /* Debug */ = {
			isa = XCBuildConfiguration;
			buildSettings = {
				ASSETCATALOG_COMPILER_APPICON_NAME = AppIcon;
				INFOPLIST_FILE = BackingCellLayouterApp/Info.plist;
				LD_RUNPATH_SEARCH_PATHS = "$(inherited) @executable_path/Frameworks";
				PRODUCT_BUNDLE_IDENTIFIER = com.xd.BackingCellLayouterApp;
				PRODUCT_NAME = "$(TARGET_NAME)";
			};
			name = Debug;
		};
		F671833C1C9AB3E900E7E361 /* Release */ = {
			isa = XCBuildConfiguration;
			buildSettings = {
				ASSETCATALOG_COMPILER_APPICON_NAME = AppIcon;
				INFOPLIST_FILE = BackingCellLayouterApp/Info.plist;
				LD_RUNPATH_SEARCH_PATHS = "$(inherited) @executable_path/Frameworks";
				PRODUCT_BUNDLE_IDENTIFIER = com.xd.BackingCellLayouterApp;
				PRODUCT_NAME = "$(TARGET_NAME)";
			};
			name = Release;
		};
/* End XCBuildConfiguration section */

/* Begin XCConfigurationList section */
		F67183231C9AB3E900E7E361 /* Build configuration list for PBXProject "BackingCellLayouterApp" */ = {
			isa = XCConfigurationList;
			buildConfigurations = (
				F67183381C9AB3E900E7E361 /* Debug */,
				F67183391C9AB3E900E7E361 /* Release */,
			);
			defaultConfigurationIsVisible = 0;
			defaultConfigurationName = Release;
		};
		F671833A1C9AB3E900E7E361 /* Build configuration list for PBXNativeTarget "BackingCellLayouterApp" */ = {
			isa = XCConfigurationList;
			buildConfigurations = (
				F671833B1C9AB3E900E7E361 /* Debug */,
				F671833C1C9AB3E900E7E361 /* Release */,
			);
			defaultConfigurationIsVisible = 0;
		};
/* End XCConfigurationList section */
	};
	rootObject = F67183201C9AB3E900E7E361 /* Project object */;
}
